# Overlay packages only. The preserved base neural environment supplies
# torch==2.7.1+cu128 and transformers==4.53.2. Install with --no-deps,
# --require-hashes and an explicit --target directory.
accelerate==1.8.1 \
    --hash=sha256:c47b8994498875a2b1286e945bd4d20e476956056c7941d512334f4eb44ff991
bitsandbytes==0.50.2 \
    --hash=sha256:c697963c8fda3dcd0d7ebd9b5211ae4067feef7cd06e0350d4e816a434fe683d
hf-xet==1.6.0 \
    --hash=sha256:fb4fadde1b2b70bf4c0c14a6dccbe7194b1c28947fefd5bbe3fed9d940676c3b
protobuf==7.36.1 \
    --hash=sha256:51139351435d9b43d88a55eaa49fb6f737fbb478fb0cbf2cf694d1a04a9d3363
sentencepiece==0.2.1 \
    --hash=sha256:e52144670738b4b477fade6c2a9b6af71a8d0094514c9853ac9f6fc1fcfabae7
